
Microsoft Visual Studio Solution File, Format Version 12.00
# Visual Studio Version 17
VisualStudioVersion = 17.11.35303.130
MinimumVisualStudioVersion = 10.0.40219.1
Project("{2150E333-8FDC-42A3-9474-1A3956D46DE8}") = "Applications", "Applications", "{0BE7DD97-07BD-4396-8768-5D6CBD6ACD9A}"
EndProject
Project("{2150E333-8FDC-42A3-9474-1A3956D46DE8}") = "Libraries", "Libraries", "{8B207741-85C2-4DD8-8078-29A3C92C1A68}"
EndProject
Project("{9A19103F-16F7-4668-BE54-9A1E7A4F7556}") = "SV21T1020254.Web", "SV21T1020254.Web\SV21T1020254.Web.csproj", "{E9E1F5C6-AD12-4EA3-BA4D-0DD04D24EC7C}"
EndProject
Project("{9A19103F-16F7-4668-BE54-9A1E7A4F7556}") = "21T1020254.DomainModels", "21T1020254.DomainModels\21T1020254.DomainModels.csproj", "{8307D793-4E8F-49EE-BF0E-32DA44753E11}"
EndProject
Project("{9A19103F-16F7-4668-BE54-9A1E7A4F7556}") = "21T1020254.BusinessLayers", "21T1020254.BusinessLayers\21T1020254.BusinessLayers.csproj", "{6E4019F1-D6C8-4C71-8862-DF081B83DEB4}"
EndProject
Project("{9A19103F-16F7-4668-BE54-9A1E7A4F7556}") = "21T1020254.DataLayers", "21T1020254.DataLayers\21T1020254.DataLayers.csproj", "{4D00D3B1-E4B3-4408-AD7B-41E9CA7B8C3A}"
EndProject
Project("{FAE04EC0-301F-11D3-BF4B-00C04F79EFBC}") = "SV21T1020254.Shop", "SV21T1020254.Shop\SV21T1020254.Shop.csproj", "{5FFF0BAB-EA05-41A3-81FF-E10FAB8D3B14}"
EndProject
Global
	GlobalSection(SolutionConfigurationPlatforms) = preSolution
		Debug|Any CPU = Debug|Any CPU
		Release|Any CPU = Release|Any CPU
	EndGlobalSection
	GlobalSection(ProjectConfigurationPlatforms) = postSolution
		{E9E1F5C6-AD12-4EA3-BA4D-0DD04D24EC7C}.Debug|Any CPU.ActiveCfg = Debug|Any CPU
		{E9E1F5C6-AD12-4EA3-BA4D-0DD04D24EC7C}.Debug|Any CPU.Build.0 = Debug|Any CPU
		{E9E1F5C6-AD12-4EA3-BA4D-0DD04D24EC7C}.Release|Any CPU.ActiveCfg = Release|Any CPU
		{E9E1F5C6-AD12-4EA3-BA4D-0DD04D24EC7C}.Release|Any CPU.Build.0 = Release|Any CPU
		{8307D793-4E8F-49EE-BF0E-32DA44753E11}.Debug|Any CPU.ActiveCfg = Debug|Any CPU
		{8307D793-4E8F-49EE-BF0E-32DA44753E11}.Debug|Any CPU.Build.0 = Debug|Any CPU
		{8307D793-4E8F-49EE-BF0E-32DA44753E11}.Release|Any CPU.ActiveCfg = Release|Any CPU
		{8307D793-4E8F-49EE-BF0E-32DA44753E11}.Release|Any CPU.Build.0 = Release|Any CPU
		{6E4019F1-D6C8-4C71-8862-DF081B83DEB4}.Debug|Any CPU.ActiveCfg = Debug|Any CPU
		{6E4019F1-D6C8-4C71-8862-DF081B83DEB4}.Debug|Any CPU.Build.0 = Debug|Any CPU
		{6E4019F1-D6C8-4C71-8862-DF081B83DEB4}.Release|Any CPU.ActiveCfg = Release|Any CPU
		{6E4019F1-D6C8-4C71-8862-DF081B83DEB4}.Release|Any CPU.Build.0 = Release|Any CPU
		{4D00D3B1-E4B3-4408-AD7B-41E9CA7B8C3A}.Debug|Any CPU.ActiveCfg = Debug|Any CPU
		{4D00D3B1-E4B3-4408-AD7B-41E9CA7B8C3A}.Debug|Any CPU.Build.0 = Debug|Any CPU
		{4D00D3B1-E4B3-4408-AD7B-41E9CA7B8C3A}.Release|Any CPU.ActiveCfg = Release|Any CPU
		{4D00D3B1-E4B3-4408-AD7B-41E9CA7B8C3A}.Release|Any CPU.Build.0 = Release|Any CPU
		{5FFF0BAB-EA05-41A3-81FF-E10FAB8D3B14}.Debug|Any CPU.ActiveCfg = Debug|Any CPU
		{5FFF0BAB-EA05-41A3-81FF-E10FAB8D3B14}.Debug|Any CPU.Build.0 = Debug|Any CPU
		{5FFF0BAB-EA05-41A3-81FF-E10FAB8D3B14}.Release|Any CPU.ActiveCfg = Release|Any CPU
		{5FFF0BAB-EA05-41A3-81FF-E10FAB8D3B14}.Release|Any CPU.Build.0 = Release|Any CPU
	EndGlobalSection
	GlobalSection(SolutionProperties) = preSolution
		HideSolutionNode = FALSE
	EndGlobalSection
	GlobalSection(NestedProjects) = preSolution
		{E9E1F5C6-AD12-4EA3-BA4D-0DD04D24EC7C} = {0BE7DD97-07BD-4396-8768-5D6CBD6ACD9A}
		{8307D793-4E8F-49EE-BF0E-32DA44753E11} = {8B207741-85C2-4DD8-8078-29A3C92C1A68}
		{6E4019F1-D6C8-4C71-8862-DF081B83DEB4} = {8B207741-85C2-4DD8-8078-29A3C92C1A68}
		{4D00D3B1-E4B3-4408-AD7B-41E9CA7B8C3A} = {8B207741-85C2-4DD8-8078-29A3C92C1A68}
		{5FFF0BAB-EA05-41A3-81FF-E10FAB8D3B14} = {0BE7DD97-07BD-4396-8768-5D6CBD6ACD9A}
	EndGlobalSection
	GlobalSection(ExtensibilityGlobals) = postSolution
		SolutionGuid = {D486C164-C395-439A-8068-02404C41CD65}
	EndGlobalSection
EndGlobal
